
Microsoft Visual Studio Solution File, Format Version 12.00
# Visual Studio Version 17
VisualStudioVersion = 17.7.34031.279
MinimumVisualStudioVersion = 10.0.40219.1
Project("{888888A0-9F3D-457C-B088-3A5042F75D52}") = "Stocks_data", "Stocks_data.pyproj", "{6C2EDF40-2CA6-40B1-94E4-90A1182B46D9}"
EndProject
Global
	GlobalSection(SolutionConfigurationPlatforms) = preSolution
		Debug|Any CPU = Debug|Any CPU
		Release|Any CPU = Release|Any CPU
	EndGlobalSection
	GlobalSection(ProjectConfigurationPlatforms) = postSolution
		{6C2EDF40-2CA6-40B1-94E4-90A1182B46D9}.Debug|Any CPU.ActiveCfg = Debug|Any CPU
		{6C2EDF40-2CA6-40B1-94E4-90A1182B46D9}.Release|Any CPU.ActiveCfg = Release|Any CPU
	EndGlobalSection
	GlobalSection(SolutionProperties) = preSolution
		HideSolutionNode = FALSE
	EndGlobalSection
	GlobalSection(ExtensibilityGlobals) = postSolution
		SolutionGuid = {657B570F-4313-41C8-8A3A-3DD9A98D3B98}
	EndGlobalSection
EndGlobal
